
Microsoft Visual Studio Solution File, Format Version 12.00
# Visual Studio Version 17
VisualStudioVersion = 17.11.35327.3
MinimumVisualStudioVersion = 10.0.40219.1
Project("{8BC9CEB8-8B4A-11D0-8D11-00A0C91BC942}") = "mariokart", "mariokart.vcxproj", "{1760238D-F895-4980-BC59-CB9F00D41024}"
EndProject
Global
	GlobalSection(SolutionConfigurationPlatforms) = preSolution
		Debug|x64 = Debug|x64
		Debug|x86 = Debug|x86
		Release|x64 = Release|x64
		Release|x86 = Release|x86
	EndGlobalSection
	GlobalSection(ProjectConfigurationPlatforms) = postSolution
		{1760238D-F895-4980-BC59-CB9F00D41024}.Debug|x64.ActiveCfg = Debug|x64
		{1760238D-F895-4980-BC59-CB9F00D41024}.Debug|x64.Build.0 = Debug|x64
		{1760238D-F895-4980-BC59-CB9F00D41024}.Debug|x86.ActiveCfg = Debug|Win32
		{1760238D-F895-4980-BC59-CB9F00D41024}.Debug|x86.Build.0 = Debug|Win32
		{1760238D-F895-4980-BC59-CB9F00D41024}.Release|x64.ActiveCfg = Release|x64
		{1760238D-F895-4980-BC59-CB9F00D41024}.Release|x64.Build.0 = Release|x64
		{1760238D-F895-4980-BC59-CB9F00D41024}.Release|x86.ActiveCfg = Release|Win32
		{1760238D-F895-4980-BC59-CB9F00D41024}.Release|x86.Build.0 = Release|Win32
	EndGlobalSection
	GlobalSection(SolutionProperties) = preSolution
		HideSolutionNode = FALSE
	EndGlobalSection
	GlobalSection(ExtensibilityGlobals) = postSolution
		SolutionGuid = {49CC57BC-D989-47F8-BA3A-DEF53B2391FC}
	EndGlobalSection
EndGlobal
